
Microsoft Visual Studio Solution File, Format Version 12.00
# Visual Studio 15
VisualStudioVersion = 15.0.27703.2026
MinimumVisualStudioVersion = 10.0.40219.1
Project("{F2A71F9B-5D33-465A-A702-920D77279786}") = "TetrisEngine", "TetrisEngine\TetrisEngine.fsproj", "{BE8D702A-117C-41C1-ABB0-A50AFEB794D3}"
EndProject
Project("{F2A71F9B-5D33-465A-A702-920D77279786}") = "TetrisConsole", "TetrisConsole\TetrisConsole.fsproj", "{DF354A52-E780-4B75-8B0E-2BF15A080A42}"
EndProject
Project("{FAE04EC0-301F-11D3-BF4B-00C04F79EFBC}") = "Test", "Test\Test.csproj", "{BE81481E-0C0D-4228-AE33-03E787089378}"
EndProject
Global
	GlobalSection(SolutionConfigurationPlatforms) = preSolution
		Debug|Any CPU = Debug|Any CPU
		Release|Any CPU = Release|Any CPU
	EndGlobalSection
	GlobalSection(ProjectConfigurationPlatforms) = postSolution
		{BE8D702A-117C-41C1-ABB0-A50AFEB794D3}.Debug|Any CPU.ActiveCfg = Debug|Any CPU
		{BE8D702A-117C-41C1-ABB0-A50AFEB794D3}.Debug|Any CPU.Build.0 = Debug|Any CPU
		{BE8D702A-117C-41C1-ABB0-A50AFEB794D3}.Release|Any CPU.ActiveCfg = Release|Any CPU
		{BE8D702A-117C-41C1-ABB0-A50AFEB794D3}.Release|Any CPU.Build.0 = Release|Any CPU
		{DF354A52-E780-4B75-8B0E-2BF15A080A42}.Debug|Any CPU.ActiveCfg = Debug|Any CPU
		{DF354A52-E780-4B75-8B0E-2BF15A080A42}.Debug|Any CPU.Build.0 = Debug|Any CPU
		{DF354A52-E780-4B75-8B0E-2BF15A080A42}.Release|Any CPU.ActiveCfg = Release|Any CPU
		{DF354A52-E780-4B75-8B0E-2BF15A080A42}.Release|Any CPU.Build.0 = Release|Any CPU
		{BE81481E-0C0D-4228-AE33-03E787089378}.Debug|Any CPU.ActiveCfg = Debug|Any CPU
		{BE81481E-0C0D-4228-AE33-03E787089378}.Debug|Any CPU.Build.0 = Debug|Any CPU
		{BE81481E-0C0D-4228-AE33-03E787089378}.Release|Any CPU.ActiveCfg = Release|Any CPU
		{BE81481E-0C0D-4228-AE33-03E787089378}.Release|Any CPU.Build.0 = Release|Any CPU
	EndGlobalSection
	GlobalSection(SolutionProperties) = preSolution
		HideSolutionNode = FALSE
	EndGlobalSection
	GlobalSection(ExtensibilityGlobals) = postSolution
		SolutionGuid = {10C9DC22-B785-429D-8232-398D764DF875}
	EndGlobalSection
EndGlobal
